# generated by rye
# use `rye lock` or `rye sync` to update this lockfile
#
# last locked with the following flags:
#   pre: false
#   features: []
#   all-features: false
#   with-sources: false

-e file:.
anyio==4.4.0
    # via httpx
certifi==2024.2.2
    # via httpcore
    # via httpx
    # via requests
charset-normalizer==3.3.2
    # via requests
h11==0.14.0
    # via httpcore
httpcore==1.0.5
    # via httpx
httpx==0.27.0
    # via fusion-events
idna==3.7
    # via anyio
    # via httpx
    # via requests
iniconfig==2.0.0
    # via pytest
kloppy==3.14.0
    # via fusion-events
lxml==4.9.4
    # via kloppy
mypy==1.10.0
mypy-extensions==1.0.0
    # via mypy
packaging==24.0
    # via pytest
pluggy==1.5.0
    # via pytest
pytest==8.2.1
python-dateutil==2.9.0.post0
    # via kloppy
pytz==2024.1
    # via kloppy
requests==2.32.3
    # via kloppy
ruff==0.4.6
six==1.16.0
    # via python-dateutil
sniffio==1.3.1
    # via anyio
    # via httpx
typing-extensions==4.12.0
    # via mypy
urllib3==2.2.1
    # via requests
